
Microsoft Visual Studio Solution File, Format Version 12.00
# Visual Studio Version 16
VisualStudioVersion = 16.0.31025.194
MinimumVisualStudioVersion = 10.0.40219.1
Project("{FAE04EC0-301F-11D3-BF4B-00C04F79EFBC}") = "ServiceReservasi", "ServiceReservasi\ServiceReservasi.csproj", "{E6250333-5CE6-4DE3-B996-F000E2A67C55}"
EndProject
Global
	GlobalSection(SolutionConfigurationPlatforms) = preSolution
		Debug|Any CPU = Debug|Any CPU
		Release|Any CPU = Release|Any CPU
	EndGlobalSection
	GlobalSection(ProjectConfigurationPlatforms) = postSolution
		{E6250333-5CE6-4DE3-B996-F000E2A67C55}.Debug|Any CPU.ActiveCfg = Debug|Any CPU
		{E6250333-5CE6-4DE3-B996-F000E2A67C55}.Debug|Any CPU.Build.0 = Debug|Any CPU
		{E6250333-5CE6-4DE3-B996-F000E2A67C55}.Release|Any CPU.ActiveCfg = Release|Any CPU
		{E6250333-5CE6-4DE3-B996-F000E2A67C55}.Release|Any CPU.Build.0 = Release|Any CPU
	EndGlobalSection
	GlobalSection(SolutionProperties) = preSolution
		HideSolutionNode = FALSE
	EndGlobalSection
	GlobalSection(ExtensibilityGlobals) = postSolution
		SolutionGuid = {41412955-2758-431F-BF45-60AAF6730102}
	EndGlobalSection
EndGlobal
